# MSIX Conversion Accelerator

PackageName: NLock

PublisherName: Narula

PackageVersion: 1.0.0.0

EligibleForConversion: Yes

ConversionStatus: Package Created. Need Validation

Edition: Microsoft Windows 11 Home

MinimumOSVersion: 25H2

MinimumOSBuild: 26200.7171

Architecture: 64

MSIXConversionToolVersion: 1.2024.405.0

AcceleratorVersion: 1.0.0

